
Microsoft Visual Studio Solution File, Format Version 12.00
# Visual Studio Version 17
VisualStudioVersion = 17.0.31903.59
MinimumVisualStudioVersion = 10.0.40219.1
Project("{FAE04EC0-301F-11D3-BF4B-00C04F79EFBC}") = "HealthSync.Domain", "HealthSync.Domain\HealthSync.Domain.csproj", "{B30DC742-BB12-4E3C-A637-857BD6473B14}"
EndProject
Project("{FAE04EC0-301F-11D3-BF4B-00C04F79EFBC}") = "HealthSync.Application", "HealthSync.Application\HealthSync.Application.csproj", "{3285AD97-2815-423C-B317-E77AF00D3406}"
EndProject
Project("{FAE04EC0-301F-11D3-BF4B-00C04F79EFBC}") = "HealthSync.Infrastructure", "HealthSync.Infrastructure\HealthSync.Infrastructure.csproj", "{F9463663-7DBB-4FDA-A22F-57C4941B2217}"
EndProject
Project("{FAE04EC0-301F-11D3-BF4B-00C04F79EFBC}") = "HealthSync.Presentation", "HealthSync.Presentation\HealthSync.Presentation.csproj", "{E62D7EAA-229A-4693-8AEB-A00F017F79E1}"
EndProject
Project("{FAE04EC0-301F-11D3-BF4B-00C04F79EFBC}") = "HealthSync.Application.Tests", "HealthSync.Application.Tests\HealthSync.Application.Tests.csproj", "{AC70F63C-7BA8-41BA-959A-C69CD8440827}"
EndProject
Project("{FAE04EC0-301F-11D3-BF4B-00C04F79EFBC}") = "HealthSync.Domain.Tests", "HealthSync.Domain.Tests\HealthSync.Domain.Tests.csproj", "{E5E35EE8-DD82-40C8-B461-91861CCA98E2}"
EndProject
Project("{FAE04EC0-301F-11D3-BF4B-00C04F79EFBC}") = "HealthSync.Infrastructure.Tests", "HealthSync.Infrastructure.Tests\HealthSync.Infrastructure.Tests.csproj", "{569F4B3F-7DDE-4EAA-8ABE-07EB533C09B6}"
EndProject
Project("{FAE04EC0-301F-11D3-BF4B-00C04F79EFBC}") = "HealthSync.Presentation.Tests", "HealthSync.Presentation.Tests\HealthSync.Presentation.Tests.csproj", "{F3ED4FAC-8FAB-4542-8A4F-23F02492316A}"
EndProject
Project("{FAE04EC0-301F-11D3-BF4B-00C04F79EFBC}") = "HealthSync.IntegrationTests", "HealthSync.IntegrationTests\HealthSync.IntegrationTests.csproj", "{509A187C-0D0C-436B-BAAD-2E8AF0F643B3}"
EndProject
Global
	GlobalSection(SolutionConfigurationPlatforms) = preSolution
		Debug|Any CPU = Debug|Any CPU
		Debug|x64 = Debug|x64
		Debug|x86 = Debug|x86
		Release|Any CPU = Release|Any CPU
		Release|x64 = Release|x64
		Release|x86 = Release|x86
	EndGlobalSection
	GlobalSection(ProjectConfigurationPlatforms) = postSolution
		{B30DC742-BB12-4E3C-A637-857BD6473B14}.Debug|Any CPU.ActiveCfg = Debug|Any CPU
		{B30DC742-BB12-4E3C-A637-857BD6473B14}.Debug|Any CPU.Build.0 = Debug|Any CPU
		{B30DC742-BB12-4E3C-A637-857BD6473B14}.Debug|x64.ActiveCfg = Debug|Any CPU
		{B30DC742-BB12-4E3C-A637-857BD6473B14}.Debug|x64.Build.0 = Debug|Any CPU
		{B30DC742-BB12-4E3C-A637-857BD6473B14}.Debug|x86.ActiveCfg = Debug|Any CPU
		{B30DC742-BB12-4E3C-A637-857BD6473B14}.Debug|x86.Build.0 = Debug|Any CPU
		{B30DC742-BB12-4E3C-A637-857BD6473B14}.Release|Any CPU.ActiveCfg = Release|Any CPU
		{B30DC742-BB12-4E3C-A637-857BD6473B14}.Release|Any CPU.Build.0 = Release|Any CPU
		{B30DC742-BB12-4E3C-A637-857BD6473B14}.Release|x64.ActiveCfg = Release|Any CPU
		{B30DC742-BB12-4E3C-A637-857BD6473B14}.Release|x64.Build.0 = Release|Any CPU
		{B30DC742-BB12-4E3C-A637-857BD6473B14}.Release|x86.ActiveCfg = Release|Any CPU
		{B30DC742-BB12-4E3C-A637-857BD6473B14}.Release|x86.Build.0 = Release|Any CPU
		{3285AD97-2815-423C-B317-E77AF00D3406}.Debug|Any CPU.ActiveCfg = Debug|Any CPU
		{3285AD97-2815-423C-B317-E77AF00D3406}.Debug|Any CPU.Build.0 = Debug|Any CPU
		{3285AD97-2815-423C-B317-E77AF00D3406}.Debug|x64.ActiveCfg = Debug|Any CPU
		{3285AD97-2815-423C-B317-E77AF00D3406}.Debug|x64.Build.0 = Debug|Any CPU
		{3285AD97-2815-423C-B317-E77AF00D3406}.Debug|x86.ActiveCfg = Debug|Any CPU
		{3285AD97-2815-423C-B317-E77AF00D3406}.Debug|x86.Build.0 = Debug|Any CPU
		{3285AD97-2815-423C-B317-E77AF00D3406}.Release|Any CPU.ActiveCfg = Release|Any CPU
		{3285AD97-2815-423C-B317-E77AF00D3406}.Release|Any CPU.Build.0 = Release|Any CPU
		{3285AD97-2815-423C-B317-E77AF00D3406}.Release|x64.ActiveCfg = Release|Any CPU
		{3285AD97-2815-423C-B317-E77AF00D3406}.Release|x64.Build.0 = Release|Any CPU
		{3285AD97-2815-423C-B317-E77AF00D3406}.Release|x86.ActiveCfg = Release|Any CPU
		{3285AD97-2815-423C-B317-E77AF00D3406}.Release|x86.Build.0 = Release|Any CPU
		{F9463663-7DBB-4FDA-A22F-57C4941B2217}.Debug|Any CPU.ActiveCfg = Debug|Any CPU
		{F9463663-7DBB-4FDA-A22F-57C4941B2217}.Debug|Any CPU.Build.0 = Debug|Any CPU
		{F9463663-7DBB-4FDA-A22F-57C4941B2217}.Debug|x64.ActiveCfg = Debug|Any CPU
		{F9463663-7DBB-4FDA-A22F-57C4941B2217}.Debug|x64.Build.0 = Debug|Any CPU
		{F9463663-7DBB-4FDA-A22F-57C4941B2217}.Debug|x86.ActiveCfg = Debug|Any CPU
		{F9463663-7DBB-4FDA-A22F-57C4941B2217}.Debug|x86.Build.0 = Debug|Any CPU
		{F9463663-7DBB-4FDA-A22F-57C4941B2217}.Release|Any CPU.ActiveCfg = Release|Any CPU
		{F9463663-7DBB-4FDA-A22F-57C4941B2217}.Release|Any CPU.Build.0 = Release|Any CPU
		{F9463663-7DBB-4FDA-A22F-57C4941B2217}.Release|x64.ActiveCfg = Release|Any CPU
		{F9463663-7DBB-4FDA-A22F-57C4941B2217}.Release|x64.Build.0 = Release|Any CPU
		{F9463663-7DBB-4FDA-A22F-57C4941B2217}.Release|x86.ActiveCfg = Release|Any CPU
		{F9463663-7DBB-4FDA-A22F-57C4941B2217}.Release|x86.Build.0 = Release|Any CPU
		{E62D7EAA-229A-4693-8AEB-A00F017F79E1}.Debug|Any CPU.ActiveCfg = Debug|Any CPU
		{E62D7EAA-229A-4693-8AEB-A00F017F79E1}.Debug|Any CPU.Build.0 = Debug|Any CPU
		{E62D7EAA-229A-4693-8AEB-A00F017F79E1}.Debug|x64.ActiveCfg = Debug|Any CPU
		{E62D7EAA-229A-4693-8AEB-A00F017F79E1}.Debug|x64.Build.0 = Debug|Any CPU
		{E62D7EAA-229A-4693-8AEB-A00F017F79E1}.Debug|x86.ActiveCfg = Debug|Any CPU
		{E62D7EAA-229A-4693-8AEB-A00F017F79E1}.Debug|x86.Build.0 = Debug|Any CPU
		{E62D7EAA-229A-4693-8AEB-A00F017F79E1}.Release|Any CPU.ActiveCfg = Release|Any CPU
		{E62D7EAA-229A-4693-8AEB-A00F017F79E1}.Release|Any CPU.Build.0 = Release|Any CPU
		{E62D7EAA-229A-4693-8AEB-A00F017F79E1}.Release|x64.ActiveCfg = Release|Any CPU
		{E62D7EAA-229A-4693-8AEB-A00F017F79E1}.Release|x64.Build.0 = Release|Any CPU
		{E62D7EAA-229A-4693-8AEB-A00F017F79E1}.Release|x86.ActiveCfg = Release|Any CPU
		{E62D7EAA-229A-4693-8AEB-A00F017F79E1}.Release|x86.Build.0 = Release|Any CPU
		{AC70F63C-7BA8-41BA-959A-C69CD8440827}.Debug|Any CPU.ActiveCfg = Debug|Any CPU
		{AC70F63C-7BA8-41BA-959A-C69CD8440827}.Debug|Any CPU.Build.0 = Debug|Any CPU
		{AC70F63C-7BA8-41BA-959A-C69CD8440827}.Debug|x64.ActiveCfg = Debug|Any CPU
		{AC70F63C-7BA8-41BA-959A-C69CD8440827}.Debug|x64.Build.0 = Debug|Any CPU
		{AC70F63C-7BA8-41BA-959A-C69CD8440827}.Debug|x86.ActiveCfg = Debug|Any CPU
		{AC70F63C-7BA8-41BA-959A-C69CD8440827}.Debug|x86.Build.0 = Debug|Any CPU
		{AC70F63C-7BA8-41BA-959A-C69CD8440827}.Release|Any CPU.ActiveCfg = Release|Any CPU
		{AC70F63C-7BA8-41BA-959A-C69CD8440827}.Release|Any CPU.Build.0 = Release|Any CPU
		{AC70F63C-7BA8-41BA-959A-C69CD8440827}.Release|x64.ActiveCfg = Release|Any CPU
		{AC70F63C-7BA8-41BA-959A-C69CD8440827}.Release|x64.Build.0 = Release|Any CPU
		{AC70F63C-7BA8-41BA-959A-C69CD8440827}.Release|x86.ActiveCfg = Release|Any CPU
		{AC70F63C-7BA8-41BA-959A-C69CD8440827}.Release|x86.Build.0 = Release|Any CPU
		{E5E35EE8-DD82-40C8-B461-91861CCA98E2}.Debug|Any CPU.ActiveCfg = Debug|Any CPU
		{E5E35EE8-DD82-40C8-B461-91861CCA98E2}.Debug|Any CPU.Build.0 = Debug|Any CPU
		{E5E35EE8-DD82-40C8-B461-91861CCA98E2}.Debug|x64.ActiveCfg = Debug|Any CPU
		{E5E35EE8-DD82-40C8-B461-91861CCA98E2}.Debug|x64.Build.0 = Debug|Any CPU
		{E5E35EE8-DD82-40C8-B461-91861CCA98E2}.Debug|x86.ActiveCfg = Debug|Any CPU
		{E5E35EE8-DD82-40C8-B461-91861CCA98E2}.Debug|x86.Build.0 = Debug|Any CPU
		{E5E35EE8-DD82-40C8-B461-91861CCA98E2}.Release|Any CPU.ActiveCfg = Release|Any CPU
		{E5E35EE8-DD82-40C8-B461-91861CCA98E2}.Release|Any CPU.Build.0 = Release|Any CPU
		{E5E35EE8-DD82-40C8-B461-91861CCA98E2}.Release|x64.ActiveCfg = Release|Any CPU
		{E5E35EE8-DD82-40C8-B461-91861CCA98E2}.Release|x64.Build.0 = Release|Any CPU
		{E5E35EE8-DD82-40C8-B461-91861CCA98E2}.Release|x86.ActiveCfg = Release|Any CPU
		{E5E35EE8-DD82-40C8-B461-91861CCA98E2}.Release|x86.Build.0 = Release|Any CPU
		{569F4B3F-7DDE-4EAA-8ABE-07EB533C09B6}.Debug|Any CPU.ActiveCfg = Debug|Any CPU
		{569F4B3F-7DDE-4EAA-8ABE-07EB533C09B6}.Debug|Any CPU.Build.0 = Debug|Any CPU
		{569F4B3F-7DDE-4EAA-8ABE-07EB533C09B6}.Debug|x64.ActiveCfg = Debug|Any CPU
		{569F4B3F-7DDE-4EAA-8ABE-07EB533C09B6}.Debug|x64.Build.0 = Debug|Any CPU
		{569F4B3F-7DDE-4EAA-8ABE-07EB533C09B6}.Debug|x86.ActiveCfg = Debug|Any CPU
		{569F4B3F-7DDE-4EAA-8ABE-07EB533C09B6}.Debug|x86.Build.0 = Debug|Any CPU
		{569F4B3F-7DDE-4EAA-8ABE-07EB533C09B6}.Release|Any CPU.ActiveCfg = Release|Any CPU
		{569F4B3F-7DDE-4EAA-8ABE-07EB533C09B6}.Release|Any CPU.Build.0 = Release|Any CPU
		{569F4B3F-7DDE-4EAA-8ABE-07EB533C09B6}.Release|x64.ActiveCfg = Release|Any CPU
		{569F4B3F-7DDE-4EAA-8ABE-07EB533C09B6}.Release|x64.Build.0 = Release|Any CPU
		{569F4B3F-7DDE-4EAA-8ABE-07EB533C09B6}.Release|x86.ActiveCfg = Release|Any CPU
		{569F4B3F-7DDE-4EAA-8ABE-07EB533C09B6}.Release|x86.Build.0 = Release|Any CPU
		{F3ED4FAC-8FAB-4542-8A4F-23F02492316A}.Debug|Any CPU.ActiveCfg = Debug|Any CPU
		{F3ED4FAC-8FAB-4542-8A4F-23F02492316A}.Debug|Any CPU.Build.0 = Debug|Any CPU
		{F3ED4FAC-8FAB-4542-8A4F-23F02492316A}.Debug|x64.ActiveCfg = Debug|Any CPU
		{F3ED4FAC-8FAB-4542-8A4F-23F02492316A}.Debug|x64.Build.0 = Debug|Any CPU
		{F3ED4FAC-8FAB-4542-8A4F-23F02492316A}.Debug|x86.ActiveCfg = Debug|Any CPU
		{F3ED4FAC-8FAB-4542-8A4F-23F02492316A}.Debug|x86.Build.0 = Debug|Any CPU
		{F3ED4FAC-8FAB-4542-8A4F-23F02492316A}.Release|Any CPU.ActiveCfg = Release|Any CPU
		{F3ED4FAC-8FAB-4542-8A4F-23F02492316A}.Release|Any CPU.Build.0 = Release|Any CPU
		{F3ED4FAC-8FAB-4542-8A4F-23F02492316A}.Release|x64.ActiveCfg = Release|Any CPU
		{F3ED4FAC-8FAB-4542-8A4F-23F02492316A}.Release|x64.Build.0 = Release|Any CPU
		{F3ED4FAC-8FAB-4542-8A4F-23F02492316A}.Release|x86.ActiveCfg = Release|Any CPU
		{F3ED4FAC-8FAB-4542-8A4F-23F02492316A}.Release|x86.Build.0 = Release|Any CPU
		{509A187C-0D0C-436B-BAAD-2E8AF0F643B3}.Debug|Any CPU.ActiveCfg = Debug|Any CPU
		{509A187C-0D0C-436B-BAAD-2E8AF0F643B3}.Debug|Any CPU.Build.0 = Debug|Any CPU
		{509A187C-0D0C-436B-BAAD-2E8AF0F643B3}.Debug|x64.ActiveCfg = Debug|Any CPU
		{509A187C-0D0C-436B-BAAD-2E8AF0F643B3}.Debug|x64.Build.0 = Debug|Any CPU
		{509A187C-0D0C-436B-BAAD-2E8AF0F643B3}.Debug|x86.ActiveCfg = Debug|Any CPU
		{509A187C-0D0C-436B-BAAD-2E8AF0F643B3}.Debug|x86.Build.0 = Debug|Any CPU
		{509A187C-0D0C-436B-BAAD-2E8AF0F643B3}.Release|Any CPU.ActiveCfg = Release|Any CPU
		{509A187C-0D0C-436B-BAAD-2E8AF0F643B3}.Release|Any CPU.Build.0 = Release|Any CPU
		{509A187C-0D0C-436B-BAAD-2E8AF0F643B3}.Release|x64.ActiveCfg = Release|Any CPU
		{509A187C-0D0C-436B-BAAD-2E8AF0F643B3}.Release|x64.Build.0 = Release|Any CPU
		{509A187C-0D0C-436B-BAAD-2E8AF0F643B3}.Release|x86.ActiveCfg = Release|Any CPU
		{509A187C-0D0C-436B-BAAD-2E8AF0F643B3}.Release|x86.Build.0 = Release|Any CPU
	EndGlobalSection
	GlobalSection(SolutionProperties) = preSolution
		HideSolutionNode = FALSE
	EndGlobalSection
EndGlobal
