
Microsoft Visual Studio Solution File, Format Version 12.00
# Visual Studio Version 17
VisualStudioVersion = 17.0.31903.59
MinimumVisualStudioVersion = 10.0.40219.1
Project("{FAE04EC0-301F-11D3-BF4B-00C04F79EFBC}") = "HealthSync.Domain", "HealthSync.Domain\HealthSync.Domain.csproj", "{B30DC742-BB12-4E3C-A637-857BD6473B14}"
EndProject
Project("{FAE04EC0-301F-11D3-BF4B-00C04F79EFBC}") = "HealthSync.Application", "HealthSync.Application\HealthSync.Application.csproj", "{3285AD97-2815-423C-B317-E77AF00D3406}"
EndProject
Project("{FAE04EC0-301F-11D3-BF4B-00C04F79EFBC}") = "HealthSync.Infrastructure", "HealthSync.Infrastructure\HealthSync.Infrastructure.csproj", "{F9463663-7DBB-4FDA-A22F-57C4941B2217}"
EndProject
Project("{FAE04EC0-301F-11D3-BF4B-00C04F79EFBC}") = "HealthSync.Presentation", "HealthSync.Presentation\HealthSync.Presentation.csproj", "{E62D7EAA-229A-4693-8AEB-A00F017F79E1}"
EndProject
Global
	GlobalSection(SolutionConfigurationPlatforms) = preSolution
		Debug|Any CPU = Debug|Any CPU
		Debug|x64 = Debug|x64
		Debug|x86 = Debug|x86
		Release|Any CPU = Release|Any CPU
		Release|x64 = Release|x64
		Release|x86 = Release|x86
	EndGlobalSection
	GlobalSection(ProjectConfigurationPlatforms) = postSolution
		{B30DC742-BB12-4E3C-A637-857BD6473B14}.Debug|Any CPU.ActiveCfg = Debug|Any CPU
		{B30DC742-BB12-4E3C-A637-857BD6473B14}.Debug|Any CPU.Build.0 = Debug|Any CPU
		{B30DC742-BB12-4E3C-A637-857BD6473B14}.Debug|x64.ActiveCfg = Debug|Any CPU
		{B30DC742-BB12-4E3C-A637-857BD6473B14}.Debug|x64.Build.0 = Debug|Any CPU
		{B30DC742-BB12-4E3C-A637-857BD6473B14}.Debug|x86.ActiveCfg = Debug|Any CPU
		{B30DC742-BB12-4E3C-A637-857BD6473B14}.Debug|x86.Build.0 = Debug|Any CPU
		{B30DC742-BB12-4E3C-A637-857BD6473B14}.Release|Any CPU.ActiveCfg = Release|Any CPU
		{B30DC742-BB12-4E3C-A637-857BD6473B14}.Release|Any CPU.Build.0 = Release|Any CPU
		{B30DC742-BB12-4E3C-A637-857BD6473B14}.Release|x64.ActiveCfg = Release|Any CPU
		{B30DC742-BB12-4E3C-A637-857BD6473B14}.Release|x64.Build.0 = Release|Any CPU
		{B30DC742-BB12-4E3C-A637-857BD6473B14}.Release|x86.ActiveCfg = Release|Any CPU
		{B30DC742-BB12-4E3C-A637-857BD6473B14}.Release|x86.Build.0 = Release|Any CPU
		{3285AD97-2815-423C-B317-E77AF00D3406}.Debug|Any CPU.ActiveCfg = Debug|Any CPU
		{3285AD97-2815-423C-B317-E77AF00D3406}.Debug|Any CPU.Build.0 = Debug|Any CPU
		{3285AD97-2815-423C-B317-E77AF00D3406}.Debug|x64.ActiveCfg = Debug|Any CPU
		{3285AD97-2815-423C-B317-E77AF00D3406}.Debug|x64.Build.0 = Debug|Any CPU
		{3285AD97-2815-423C-B317-E77AF00D3406}.Debug|x86.ActiveCfg = Debug|Any CPU
		{3285AD97-2815-423C-B317-E77AF00D3406}.Debug|x86.Build.0 = Debug|Any CPU
		{3285AD97-2815-423C-B317-E77AF00D3406}.Release|Any CPU.ActiveCfg = Release|Any CPU
		{3285AD97-2815-423C-B317-E77AF00D3406}.Release|Any CPU.Build.0 = Release|Any CPU
		{3285AD97-2815-423C-B317-E77AF00D3406}.Release|x64.ActiveCfg = Release|Any CPU
		{3285AD97-2815-423C-B317-E77AF00D3406}.Release|x64.Build.0 = Release|Any CPU
		{3285AD97-2815-423C-B317-E77AF00D3406}.Release|x86.ActiveCfg = Release|Any CPU
		{3285AD97-2815-423C-B317-E77AF00D3406}.Release|x86.Build.0 = Release|Any CPU
		{F9463663-7DBB-4FDA-A22F-57C4941B2217}.Debug|Any CPU.ActiveCfg = Debug|Any CPU
		{F9463663-7DBB-4FDA-A22F-57C4941B2217}.Debug|Any CPU.Build.0 = Debug|Any CPU
		{F9463663-7DBB-4FDA-A22F-57C4941B2217}.Debug|x64.ActiveCfg = Debug|Any CPU
		{F9463663-7DBB-4FDA-A22F-57C4941B2217}.Debug|x64.Build.0 = Debug|Any CPU
		{F9463663-7DBB-4FDA-A22F-57C4941B2217}.Debug|x86.ActiveCfg = Debug|Any CPU
		{F9463663-7DBB-4FDA-A22F-57C4941B2217}.Debug|x86.Build.0 = Debug|Any CPU
		{F9463663-7DBB-4FDA-A22F-57C4941B2217}.Release|Any CPU.ActiveCfg = Release|Any CPU
		{F9463663-7DBB-4FDA-A22F-57C4941B2217}.Release|Any CPU.Build.0 = Release|Any CPU
		{F9463663-7DBB-4FDA-A22F-57C4941B2217}.Release|x64.ActiveCfg = Release|Any CPU
		{F9463663-7DBB-4FDA-A22F-57C4941B2217}.Release|x64.Build.0 = Release|Any CPU
		{F9463663-7DBB-4FDA-A22F-57C4941B2217}.Release|x86.ActiveCfg = Release|Any CPU
		{F9463663-7DBB-4FDA-A22F-57C4941B2217}.Release|x86.Build.0 = Release|Any CPU
		{E62D7EAA-229A-4693-8AEB-A00F017F79E1}.Debug|Any CPU.ActiveCfg = Debug|Any CPU
		{E62D7EAA-229A-4693-8AEB-A00F017F79E1}.Debug|Any CPU.Build.0 = Debug|Any CPU
		{E62D7EAA-229A-4693-8AEB-A00F017F79E1}.Debug|x64.ActiveCfg = Debug|Any CPU
		{E62D7EAA-229A-4693-8AEB-A00F017F79E1}.Debug|x64.Build.0 = Debug|Any CPU
		{E62D7EAA-229A-4693-8AEB-A00F017F79E1}.Debug|x86.ActiveCfg = Debug|Any CPU
		{E62D7EAA-229A-4693-8AEB-A00F017F79E1}.Debug|x86.Build.0 = Debug|Any CPU
		{E62D7EAA-229A-4693-8AEB-A00F017F79E1}.Release|Any CPU.ActiveCfg = Release|Any CPU
		{E62D7EAA-229A-4693-8AEB-A00F017F79E1}.Release|Any CPU.Build.0 = Release|Any CPU
		{E62D7EAA-229A-4693-8AEB-A00F017F79E1}.Release|x64.ActiveCfg = Release|Any CPU
		{E62D7EAA-229A-4693-8AEB-A00F017F79E1}.Release|x64.Build.0 = Release|Any CPU
		{E62D7EAA-229A-4693-8AEB-A00F017F79E1}.Release|x86.ActiveCfg = Release|Any CPU
		{E62D7EAA-229A-4693-8AEB-A00F017F79E1}.Release|x86.Build.0 = Release|Any CPU
	EndGlobalSection
	GlobalSection(SolutionProperties) = preSolution
		HideSolutionNode = FALSE
	EndGlobalSection
EndGlobal
